// !$*UTF8*$!
{
	archiveVersion = 1;
	classes = {
	};
	objectVersion = 56;
	objects = {

/* Begin PBXBuildFile section */
		11FC491929F5C91E000374BD /* ToDoAppApp.swift in Sources */ = {isa = PBXBuildFile; fileRef = 11FC491829F5C91E000374BD /* ToDoAppApp.swift */; };
		11FC491B29F5C91E000374BD /* ContentView.swift in Sources */ = {isa = PBXBuildFile; fileRef = 11FC491A29F5C91E000374BD /* ContentView.swift */; };
		11FC491D29F5C920000374BD /* Assets.xcassets in Resources */ = {isa = PBXBuildFile; fileRef = 11FC491C29F5C920000374BD /* Assets.xcassets */; };
		11FC492029F5C920000374BD /* Preview Assets.xcassets in Resources */ = {isa = PBXBuildFile; fileRef = 11FC491F29F5C920000374BD /* Preview Assets.xcassets */; };
		11FC492729F5C99C000374BD /* TasksView.swift in Sources */ = {isa = PBXBuildFile; fileRef = 11FC492629F5C99C000374BD /* TasksView.swift */; };
		11FC492B29F5CC90000374BD /* TaskRow.swift in Sources */ = {isa = PBXBuildFile; fileRef = 11FC492A29F5CC90000374BD /* TaskRow.swift */; };
		11FC492D29F5CE18000374BD /* AddTaskView.swift in Sources */ = {isa = PBXBuildFile; fileRef = 11FC492C29F5CE18000374BD /* AddTaskView.swift */; };
		11FC492F29F5D082000374BD /* SmallAddButton.swift in Sources */ = {isa = PBXBuildFile; fileRef = 11FC492E29F5D082000374BD /* SmallAddButton.swift */; };
		11FC493229F5D50D000374BD /* Realm in Frameworks */ = {isa = PBXBuildFile; productRef = 11FC493129F5D50D000374BD /* Realm */; };
		11FC493429F5D50D000374BD /* RealmSwift in Frameworks */ = {isa = PBXBuildFile; productRef = 11FC493329F5D50D000374BD /* RealmSwift */; };
		11FC493629F5D54E000374BD /* RealmManager.swift in Sources */ = {isa = PBXBuildFile; fileRef = 11FC493529F5D54E000374BD /* RealmManager.swift */; };
		11FC493829F5D6DE000374BD /* Task.swift in Sources */ = {isa = PBXBuildFile; fileRef = 11FC493729F5D6DE000374BD /* Task.swift */; };
/* End PBXBuildFile section */

/* Begin PBXFileReference section */
		11FC491529F5C91E000374BD /* ToDoApp.app */ = {isa = PBXFileReference; explicitFileType = wrapper.application; includeInIndex = 0; path = ToDoApp.app; sourceTree = BUILT_PRODUCTS_DIR; };
		11FC491829F5C91E000374BD /* ToDoAppApp.swift */ = {isa = PBXFileReference; lastKnownFileType = sourcecode.swift; path = ToDoAppApp.swift; sourceTree = "<group>"; };
		11FC491A29F5C91E000374BD /* ContentView.swift */ = {isa = PBXFileReference; lastKnownFileType = sourcecode.swift; path = ContentView.swift; sourceTree = "<group>"; };
		11FC491C29F5C920000374BD /* Assets.xcassets */ = {isa = PBXFileReference; lastKnownFileType = folder.assetcatalog; path = Assets.xcassets; sourceTree = "<group>"; };
		11FC491F29F5C920000374BD /* Preview Assets.xcassets */ = {isa = PBXFileReference; lastKnownFileType = folder.assetcatalog; path = "Preview Assets.xcassets"; sourceTree = "<group>"; };
		11FC492629F5C99C000374BD /* TasksView.swift */ = {isa = PBXFileReference; lastKnownFileType = sourcecode.swift; path = TasksView.swift; sourceTree = "<group>"; };
		11FC492A29F5CC90000374BD /* TaskRow.swift */ = {isa = PBXFileReference; lastKnownFileType = sourcecode.swift; path = TaskRow.swift; sourceTree = "<group>"; };
		11FC492C29F5CE18000374BD /* AddTaskView.swift */ = {isa = PBXFileReference; lastKnownFileType = sourcecode.swift; path = AddTaskView.swift; sourceTree = "<group>"; };
		11FC492E29F5D082000374BD /* SmallAddButton.swift */ = {isa = PBXFileReference; lastKnownFileType = sourcecode.swift; path = SmallAddButton.swift; sourceTree = "<group>"; };
		11FC493529F5D54E000374BD /* RealmManager.swift */ = {isa = PBXFileReference; lastKnownFileType = sourcecode.swift; path = RealmManager.swift; sourceTree = "<group>"; };
		11FC493729F5D6DE000374BD /* Task.swift */ = {isa = PBXFileReference; lastKnownFileType = sourcecode.swift; path = Task.swift; sourceTree = "<group>"; };
/* End PBXFileReference section */

/* Begin PBXFrameworksBuildPhase section */
		11FC491229F5C91E000374BD /* Frameworks */ = {
			isa = PBXFrameworksBuildPhase;
			buildActionMask = 2147483647;
			files = (
				11FC493429F5D50D000374BD /* RealmSwift in Frameworks */,
				11FC493229F5D50D000374BD /* Realm in Frameworks */,
			);
			runOnlyForDeploymentPostprocessing = 0;
		};
/* End PBXFrameworksBuildPhase section */

/* Begin PBXGroup section */
		11FC490C29F5C91E000374BD = {
			isa = PBXGroup;
			children = (
				11FC491729F5C91E000374BD /* ToDoApp */,
				11FC491629F5C91E000374BD /* Products */,
			);
			sourceTree = "<group>";
		};
		11FC491629F5C91E000374BD /* Products */ = {
			isa = PBXGroup;
			children = (
				11FC491529F5C91E000374BD /* ToDoApp.app */,
			);
			name = Products;
			sourceTree = "<group>";
		};
		11FC491729F5C91E000374BD /* ToDoApp */ = {
			isa = PBXGroup;
			children = (
				11FC492829F5C9AE000374BD /* Views */,
				11FC491829F5C91E000374BD /* ToDoAppApp.swift */,
				11FC491C29F5C920000374BD /* Assets.xcassets */,
				11FC492929F5CC6B000374BD /* Components */,
				11FC491E29F5C920000374BD /* Preview Content */,
				11FC493529F5D54E000374BD /* RealmManager.swift */,
				11FC493729F5D6DE000374BD /* Task.swift */,
			);
			path = ToDoApp;
			sourceTree = "<group>";
		};
		11FC491E29F5C920000374BD /* Preview Content */ = {
			isa = PBXGroup;
			children = (
				11FC491F29F5C920000374BD /* Preview Assets.xcassets */,
			);
			path = "Preview Content";
			sourceTree = "<group>";
		};
		11FC492829F5C9AE000374BD /* Views */ = {
			isa = PBXGroup;
			children = (
				11FC491A29F5C91E000374BD /* ContentView.swift */,
				11FC492629F5C99C000374BD /* TasksView.swift */,
				11FC492C29F5CE18000374BD /* AddTaskView.swift */,
			);
			path = Views;
			sourceTree = "<group>";
		};
		11FC492929F5CC6B000374BD /* Components */ = {
			isa = PBXGroup;
			children = (
				11FC492A29F5CC90000374BD /* TaskRow.swift */,
				11FC492E29F5D082000374BD /* SmallAddButton.swift */,
			);
			path = Components;
			sourceTree = "<group>";
		};
/* End PBXGroup section */

/* Begin PBXNativeTarget section */
		11FC491429F5C91E000374BD /* ToDoApp */ = {
			isa = PBXNativeTarget;
			buildConfigurationList = 11FC492329F5C920000374BD /* Build configuration list for PBXNativeTarget "ToDoApp" */;
			buildPhases = (
				11FC491129F5C91E000374BD /* Sources */,
				11FC491229F5C91E000374BD /* Frameworks */,
				11FC491329F5C91E000374BD /* Resources */,
			);
			buildRules = (
			);
			dependencies = (
			);
			name = ToDoApp;
			packageProductDependencies = (
				11FC493129F5D50D000374BD /* Realm */,
				11FC493329F5D50D000374BD /* RealmSwift */,
			);
			productName = ToDoApp;
			productReference = 11FC491529F5C91E000374BD /* ToDoApp.app */;
			productType = "com.apple.product-type.application";
		};
/* End PBXNativeTarget section */

/* Begin PBXProject section */
		11FC490D29F5C91E000374BD /* Project object */ = {
			isa = PBXProject;
			attributes = {
				BuildIndependentTargetsInParallel = 1;
				LastSwiftUpdateCheck = 1430;
				LastUpgradeCheck = 1430;
				TargetAttributes = {
					11FC491429F5C91E000374BD = {
						CreatedOnToolsVersion = 14.3;
					};
				};
			};
			buildConfigurationList = 11FC491029F5C91E000374BD /* Build configuration list for PBXProject "ToDoApp" */;
			compatibilityVersion = "Xcode 14.0";
			developmentRegion = en;
			hasScannedForEncodings = 0;
			knownRegions = (
				en,
				Base,
			);
			mainGroup = 11FC490C29F5C91E000374BD;
			packageReferences = (
				11FC493029F5D50D000374BD /* XCRemoteSwiftPackageReference "realm-cocoa" */,
			);
			productRefGroup = 11FC491629F5C91E000374BD /* Products */;
			projectDirPath = "";
			projectRoot = "";
			targets = (
				11FC491429F5C91E000374BD /* ToDoApp */,
			);
		};
/* End PBXProject section */

/* Begin PBXResourcesBuildPhase section */
		11FC491329F5C91E000374BD /* Resources */ = {
			isa = PBXResourcesBuildPhase;
			buildActionMask = 2147483647;
			files = (
				11FC492029F5C920000374BD /* Preview Assets.xcassets in Resources */,
				11FC491D29F5C920000374BD /* Assets.xcassets in Resources */,
			);
			runOnlyForDeploymentPostprocessing = 0;
		};
/* End PBXResourcesBuildPhase section */

/* Begin PBXSourcesBuildPhase section */
		11FC491129F5C91E000374BD /* Sources */ = {
			isa = PBXSourcesBuildPhase;
			buildActionMask = 2147483647;
			files = (
				11FC493829F5D6DE000374BD /* Task.swift in Sources */,
				11FC491B29F5C91E000374BD /* ContentView.swift in Sources */,
				11FC492D29F5CE18000374BD /* AddTaskView.swift in Sources */,
				11FC492729F5C99C000374BD /* TasksView.swift in Sources */,
				11FC492F29F5D082000374BD /* SmallAddButton.swift in Sources */,
				11FC491929F5C91E000374BD /* ToDoAppApp.swift in Sources */,
				11FC493629F5D54E000374BD /* RealmManager.swift in Sources */,
				11FC492B29F5CC90000374BD /* TaskRow.swift in Sources */,
			);
			runOnlyForDeploymentPostprocessing = 0;
		};
/* End PBXSourcesBuildPhase section */

/* Begin XCBuildConfiguration section */
		11FC492129F5C920000374BD /* Debug */ = {
			isa = XCBuildConfiguration;
			buildSettings = {
				ALWAYS_SEARCH_USER_PATHS = NO;
				CLANG_ANALYZER_NONNULL = YES;
				CLANG_ANALYZER_NUMBER_OBJECT_CONVERSION = YES_AGGRESSIVE;
				CLANG_CXX_LANGUAGE_STANDARD = "gnu++20";
				CLANG_ENABLE_MODULES = YES;
				CLANG_ENABLE_OBJC_ARC = YES;
				CLANG_ENABLE_OBJC_WEAK = YES;
				CLANG_WARN_BLOCK_CAPTURE_AUTORELEASING = YES;
				CLANG_WARN_BOOL_CONVERSION = YES;
				CLANG_WARN_COMMA = YES;
				CLANG_WARN_CONSTANT_CONVERSION = YES;
				CLANG_WARN_DEPRECATED_OBJC_IMPLEMENTATIONS = YES;
				CLANG_WARN_DIRECT_OBJC_ISA_USAGE = YES_ERROR;
				CLANG_WARN_DOCUMENTATION_COMMENTS = YES;
				CLANG_WARN_EMPTY_BODY = YES;
				CLANG_WARN_ENUM_CONVERSION = YES;
				CLANG_WARN_INFINITE_RECURSION = YES;
				CLANG_WARN_INT_CONVERSION = YES;
				CLANG_WARN_NON_LITERAL_NULL_CONVERSION = YES;
				CLANG_WARN_OBJC_IMPLICIT_RETAIN_SELF = YES;
				CLANG_WARN_OBJC_LITERAL_CONVERSION = YES;
				CLANG_WARN_OBJC_ROOT_CLASS = YES_ERROR;
				CLANG_WARN_QUOTED_INCLUDE_IN_FRAMEWORK_HEADER = YES;
				CLANG_WARN_RANGE_LOOP_ANALYSIS = YES;
				CLANG_WARN_STRICT_PROTOTYPES = YES;
				CLANG_WARN_SUSPICIOUS_MOVE = YES;
				CLANG_WARN_UNGUARDED_AVAILABILITY = YES_AGGRESSIVE;
				CLANG_WARN_UNREACHABLE_CODE = YES;
				CLANG_WARN__DUPLICATE_METHOD_MATCH = YES;
				COPY_PHASE_STRIP = NO;
				DEBUG_INFORMATION_FORMAT = dwarf;
				ENABLE_STRICT_OBJC_MSGSEND = YES;
				ENABLE_TESTABILITY = YES;
				GCC_C_LANGUAGE_STANDARD = gnu11;
				GCC_DYNAMIC_NO_PIC = NO;
				GCC_NO_COMMON_BLOCKS = YES;
				GCC_OPTIMIZATION_LEVEL = 0;
				GCC_PREPROCESSOR_DEFINITIONS = (
					"DEBUG=1",
					"$(inherited)",
				);
				GCC_WARN_64_TO_32_BIT_CONVERSION = YES;
				GCC_WARN_ABOUT_RETURN_TYPE = YES_ERROR;
				GCC_WARN_UNDECLARED_SELECTOR = YES;
				GCC_WARN_UNINITIALIZED_AUTOS = YES_AGGRESSIVE;
				GCC_WARN_UNUSED_FUNCTION = YES;
				GCC_WARN_UNUSED_VARIABLE = YES;
				IPHONEOS_DEPLOYMENT_TARGET = 16.4;
				MTL_ENABLE_DEBUG_INFO = INCLUDE_SOURCE;
				MTL_FAST_MATH = YES;
				ONLY_ACTIVE_ARCH = YES;
				SDKROOT = iphoneos;
				SWIFT_ACTIVE_COMPILATION_CONDITIONS = DEBUG;
				SWIFT_OPTIMIZATION_LEVEL = "-Onone";
			};
			name = Debug;
		};
		11FC492229F5C920000374BD /* Release */ = {
			isa = XCBuildConfiguration;
			buildSettings = {
				ALWAYS_SEARCH_USER_PATHS = NO;
				CLANG_ANALYZER_NONNULL = YES;
				CLANG_ANALYZER_NUMBER_OBJECT_CONVERSION = YES_AGGRESSIVE;
				CLANG_CXX_LANGUAGE_STANDARD = "gnu++20";
				CLANG_ENABLE_MODULES = YES;
				CLANG_ENABLE_OBJC_ARC = YES;
				CLANG_ENABLE_OBJC_WEAK = YES;
				CLANG_WARN_BLOCK_CAPTURE_AUTORELEASING = YES;
				CLANG_WARN_BOOL_CONVERSION = YES;
				CLANG_WARN_COMMA = YES;
				CLANG_WARN_CONSTANT_CONVERSION = YES;
				CLANG_WARN_DEPRECATED_OBJC_IMPLEMENTATIONS = YES;
				CLANG_WARN_DIRECT_OBJC_ISA_USAGE = YES_ERROR;
				CLANG_WARN_DOCUMENTATION_COMMENTS = YES;
				CLANG_WARN_EMPTY_BODY = YES;
				CLANG_WARN_ENUM_CONVERSION = YES;
				CLANG_WARN_INFINITE_RECURSION = YES;
				CLANG_WARN_INT_CONVERSION = YES;
				CLANG_WARN_NON_LITERAL_NULL_CONVERSION = YES;
				CLANG_WARN_OBJC_IMPLICIT_RETAIN_SELF = YES;
				CLANG_WARN_OBJC_LITERAL_CONVERSION = YES;
				CLANG_WARN_OBJC_ROOT_CLASS = YES_ERROR;
				CLANG_WARN_QUOTED_INCLUDE_IN_FRAMEWORK_HEADER = YES;
				CLANG_WARN_RANGE_LOOP_ANALYSIS = YES;
				CLANG_WARN_STRICT_PROTOTYPES = YES;
				CLANG_WARN_SUSPICIOUS_MOVE = YES;
				CLANG_WARN_UNGUARDED_AVAILABILITY = YES_AGGRESSIVE;
				CLANG_WARN_UNREACHABLE_CODE = YES;
				CLANG_WARN__DUPLICATE_METHOD_MATCH = YES;
				COPY_PHASE_STRIP = NO;
				DEBUG_INFORMATION_FORMAT = "dwarf-with-dsym";
				ENABLE_NS_ASSERTIONS = NO;
				ENABLE_STRICT_OBJC_MSGSEND = YES;
				GCC_C_LANGUAGE_STANDARD = gnu11;
				GCC_NO_COMMON_BLOCKS = YES;
				GCC_WARN_64_TO_32_BIT_CONVERSION = YES;
				GCC_WARN_ABOUT_RETURN_TYPE = YES_ERROR;
				GCC_WARN_UNDECLARED_SELECTOR = YES;
				GCC_WARN_UNINITIALIZED_AUTOS = YES_AGGRESSIVE;
				GCC_WARN_UNUSED_FUNCTION = YES;
				GCC_WARN_UNUSED_VARIABLE = YES;
				IPHONEOS_DEPLOYMENT_TARGET = 16.4;
				MTL_ENABLE_DEBUG_INFO = NO;
				MTL_FAST_MATH = YES;
				SDKROOT = iphoneos;
				SWIFT_COMPILATION_MODE = wholemodule;
				SWIFT_OPTIMIZATION_LEVEL = "-O";
				VALIDATE_PRODUCT = YES;
			};
			name = Release;
		};
		11FC492429F5C920000374BD /* Debug */ = {
			isa = XCBuildConfiguration;
			buildSettings = {
				ASSETCATALOG_COMPILER_APPICON_NAME = AppIcon;
				ASSETCATALOG_COMPILER_GLOBAL_ACCENT_COLOR_NAME = AccentColor;
				CODE_SIGN_STYLE = Automatic;
				CURRENT_PROJECT_VERSION = 1;
				DEVELOPMENT_ASSET_PATHS = "\"ToDoApp/Preview Content\"";
				DEVELOPMENT_TEAM = 7C43VBMTUX;
				ENABLE_PREVIEWS = YES;
				GENERATE_INFOPLIST_FILE = YES;
				INFOPLIST_KEY_UIApplicationSceneManifest_Generation = YES;
				INFOPLIST_KEY_UIApplicationSupportsIndirectInputEvents = YES;
				INFOPLIST_KEY_UILaunchScreen_Generation = YES;
				INFOPLIST_KEY_UISupportedInterfaceOrientations_iPad = "UIInterfaceOrientationPortrait UIInterfaceOrientationPortraitUpsideDown UIInterfaceOrientationLandscapeLeft UIInterfaceOrientationLandscapeRight";
				INFOPLIST_KEY_UISupportedInterfaceOrientations_iPhone = "UIInterfaceOrientationPortrait UIInterfaceOrientationLandscapeLeft UIInterfaceOrientationLandscapeRight";
				LD_RUNPATH_SEARCH_PATHS = (
					"$(inherited)",
					"@executable_path/Frameworks",
				);
				MARKETING_VERSION = 1.0;
				PRODUCT_BUNDLE_IDENTIFIER = NK.ToDoApp;
				PRODUCT_NAME = "$(TARGET_NAME)";
				SWIFT_EMIT_LOC_STRINGS = YES;
				SWIFT_VERSION = 5.0;
				TARGETED_DEVICE_FAMILY = "1,2";
			};
			name = Debug;
		};
		11FC492529F5C920000374BD /* Release */ = {
			isa = XCBuildConfiguration;
			buildSettings = {
				ASSETCATALOG_COMPILER_APPICON_NAME = AppIcon;
				ASSETCATALOG_COMPILER_GLOBAL_ACCENT_COLOR_NAME = AccentColor;
				CODE_SIGN_STYLE = Automatic;
				CURRENT_PROJECT_VERSION = 1;
				DEVELOPMENT_ASSET_PATHS = "\"ToDoApp/Preview Content\"";
				DEVELOPMENT_TEAM = 7C43VBMTUX;
				ENABLE_PREVIEWS = YES;
				GENERATE_INFOPLIST_FILE = YES;
				INFOPLIST_KEY_UIApplicationSceneManifest_Generation = YES;
				INFOPLIST_KEY_UIApplicationSupportsIndirectInputEvents = YES;
				INFOPLIST_KEY_UILaunchScreen_Generation = YES;
				INFOPLIST_KEY_UISupportedInterfaceOrientations_iPad = "UIInterfaceOrientationPortrait UIInterfaceOrientationPortraitUpsideDown UIInterfaceOrientationLandscapeLeft UIInterfaceOrientationLandscapeRight";
				INFOPLIST_KEY_UISupportedInterfaceOrientations_iPhone = "UIInterfaceOrientationPortrait UIInterfaceOrientationLandscapeLeft UIInterfaceOrientationLandscapeRight";
				LD_RUNPATH_SEARCH_PATHS = (
					"$(inherited)",
					"@executable_path/Frameworks",
				);
				MARKETING_VERSION = 1.0;
				PRODUCT_BUNDLE_IDENTIFIER = NK.ToDoApp;
				PRODUCT_NAME = "$(TARGET_NAME)";
				SWIFT_EMIT_LOC_STRINGS = YES;
				SWIFT_VERSION = 5.0;
				TARGETED_DEVICE_FAMILY = "1,2";
			};
			name = Release;
		};
/* End XCBuildConfiguration section */

/* Begin XCConfigurationList section */
		11FC491029F5C91E000374BD /* Build configuration list for PBXProject "ToDoApp" */ = {
			isa = XCConfigurationList;
			buildConfigurations = (
				11FC492129F5C920000374BD /* Debug */,
				11FC492229F5C920000374BD /* Release */,
			);
			defaultConfigurationIsVisible = 0;
			defaultConfigurationName = Release;
		};
		11FC492329F5C920000374BD /* Build configuration list for PBXNativeTarget "ToDoApp" */ = {
			isa = XCConfigurationList;
			buildConfigurations = (
				11FC492429F5C920000374BD /* Debug */,
				11FC492529F5C920000374BD /* Release */,
			);
			defaultConfigurationIsVisible = 0;
			defaultConfigurationName = Release;
		};
/* End XCConfigurationList section */

/* Begin XCRemoteSwiftPackageReference section */
		11FC493029F5D50D000374BD /* XCRemoteSwiftPackageReference "realm-cocoa" */ = {
			isa = XCRemoteSwiftPackageReference;
			repositoryURL = "http://github.com/realm/realm-cocoa";
			requirement = {
				kind = upToNextMajorVersion;
				minimumVersion = 10.10.0;
			};
		};
/* End XCRemoteSwiftPackageReference section */

/* Begin XCSwiftPackageProductDependency section */
		11FC493129F5D50D000374BD /* Realm */ = {
			isa = XCSwiftPackageProductDependency;
			package = 11FC493029F5D50D000374BD /* XCRemoteSwiftPackageReference "realm-cocoa" */;
			productName = Realm;
		};
		11FC493329F5D50D000374BD /* RealmSwift */ = {
			isa = XCSwiftPackageProductDependency;
			package = 11FC493029F5D50D000374BD /* XCRemoteSwiftPackageReference "realm-cocoa" */;
			productName = RealmSwift;
		};
/* End XCSwiftPackageProductDependency section */
	};
	rootObject = 11FC490D29F5C91E000374BD /* Project object */;
}
